
Microsoft Visual Studio Solution File, Format Version 12.00
# Visual Studio 15
VisualStudioVersion = 15.0.26730.16
MinimumVisualStudioVersion = 10.0.40219.1
Project("{FAE04EC0-301F-11D3-BF4B-00C04F79EFBC}") = "LFTCFiniteAutomata", "LFTCFiniteAutomata\LFTCFiniteAutomata.csproj", "{23DCD1F7-6AA1-47BC-B9E8-0EF281EDB915}"
EndProject
Global
	GlobalSection(SolutionConfigurationPlatforms) = preSolution
		Debug|Any CPU = Debug|Any CPU
		Release|Any CPU = Release|Any CPU
	EndGlobalSection
	GlobalSection(ProjectConfigurationPlatforms) = postSolution
		{23DCD1F7-6AA1-47BC-B9E8-0EF281EDB915}.Debug|Any CPU.ActiveCfg = Debug|Any CPU
		{23DCD1F7-6AA1-47BC-B9E8-0EF281EDB915}.Debug|Any CPU.Build.0 = Debug|Any CPU
		{23DCD1F7-6AA1-47BC-B9E8-0EF281EDB915}.Release|Any CPU.ActiveCfg = Release|Any CPU
		{23DCD1F7-6AA1-47BC-B9E8-0EF281EDB915}.Release|Any CPU.Build.0 = Release|Any CPU
	EndGlobalSection
	GlobalSection(SolutionProperties) = preSolution
		HideSolutionNode = FALSE
	EndGlobalSection
	GlobalSection(ExtensibilityGlobals) = postSolution
		SolutionGuid = {6A9020CE-CE0B-4378-856F-2D303B7C7EDB}
	EndGlobalSection
EndGlobal
