
Microsoft Visual Studio Solution File, Format Version 12.00
# Visual Studio 15
VisualStudioVersion = 15.0.26730.16
MinimumVisualStudioVersion = 10.0.40219.1
Project("{FAE04EC0-301F-11D3-BF4B-00C04F79EFBC}") = "KaratsubaMPI", "KaratsubaMPI\KaratsubaMPI.csproj", "{61A1F37D-B207-49C2-9A59-59D4A8EFFB51}"
EndProject
Global
	GlobalSection(SolutionConfigurationPlatforms) = preSolution
		Debug|Any CPU = Debug|Any CPU
		Release|Any CPU = Release|Any CPU
	EndGlobalSection
	GlobalSection(ProjectConfigurationPlatforms) = postSolution
		{61A1F37D-B207-49C2-9A59-59D4A8EFFB51}.Debug|Any CPU.ActiveCfg = Debug|Any CPU
		{61A1F37D-B207-49C2-9A59-59D4A8EFFB51}.Debug|Any CPU.Build.0 = Debug|Any CPU
		{61A1F37D-B207-49C2-9A59-59D4A8EFFB51}.Release|Any CPU.ActiveCfg = Release|Any CPU
		{61A1F37D-B207-49C2-9A59-59D4A8EFFB51}.Release|Any CPU.Build.0 = Release|Any CPU
	EndGlobalSection
	GlobalSection(SolutionProperties) = preSolution
		HideSolutionNode = FALSE
	EndGlobalSection
	GlobalSection(ExtensibilityGlobals) = postSolution
		SolutionGuid = {20326FE8-5874-43EA-B2C3-E977E2D04E10}
	EndGlobalSection
EndGlobal
